// !$*UTF8*$!
{
	archiveVersion = 1;
	classes = {
	};
	objectVersion = 56;
	objects = {

/* Begin PBXBuildFile section */
		76E15B8C2A25DDE50047DF7F /* KiwiEducationAuApp.swift in Sources */ = {isa = PBXBuildFile; fileRef = 76E15B8B2A25DDE50047DF7F /* KiwiEducationAuApp.swift */; };
		76E15B8E2A25DDE50047DF7F /* ContentView.swift in Sources */ = {isa = PBXBuildFile; fileRef = 76E15B8D2A25DDE50047DF7F /* ContentView.swift */; };
		76E15B902A25DDE70047DF7F /* Assets.xcassets in Resources */ = {isa = PBXBuildFile; fileRef = 76E15B8F2A25DDE70047DF7F /* Assets.xcassets */; };
		76E15B932A25DDE70047DF7F /* Preview Assets.xcassets in Resources */ = {isa = PBXBuildFile; fileRef = 76E15B922A25DDE70047DF7F /* Preview Assets.xcassets */; };
		76E15B9B2A25E1C10047DF7F /* Post.swift in Sources */ = {isa = PBXBuildFile; fileRef = 76E15B9A2A25E1C10047DF7F /* Post.swift */; };
		76E15B9D2A25EF5F0047DF7F /* Posts.swift in Sources */ = {isa = PBXBuildFile; fileRef = 76E15B9C2A25EF5F0047DF7F /* Posts.swift */; };
		76E15B9F2A25F0160047DF7F /* InfoView.swift in Sources */ = {isa = PBXBuildFile; fileRef = 76E15B9E2A25F0160047DF7F /* InfoView.swift */; };
		76E15BA12A25F15C0047DF7F /* InfoRow.swift in Sources */ = {isa = PBXBuildFile; fileRef = 76E15BA02A25F15C0047DF7F /* InfoRow.swift */; };
		76E15BA32A25F84D0047DF7F /* InfoDetails.swift in Sources */ = {isa = PBXBuildFile; fileRef = 76E15BA22A25F84D0047DF7F /* InfoDetails.swift */; };
/* End PBXBuildFile section */

/* Begin PBXFileReference section */
		76E15B882A25DDE50047DF7F /* KiwiEducationAu.app */ = {isa = PBXFileReference; explicitFileType = wrapper.application; includeInIndex = 0; path = KiwiEducationAu.app; sourceTree = BUILT_PRODUCTS_DIR; };
		76E15B8B2A25DDE50047DF7F /* KiwiEducationAuApp.swift */ = {isa = PBXFileReference; lastKnownFileType = sourcecode.swift; path = KiwiEducationAuApp.swift; sourceTree = "<group>"; };
		76E15B8D2A25DDE50047DF7F /* ContentView.swift */ = {isa = PBXFileReference; lastKnownFileType = sourcecode.swift; path = ContentView.swift; sourceTree = "<group>"; };
		76E15B8F2A25DDE70047DF7F /* Assets.xcassets */ = {isa = PBXFileReference; lastKnownFileType = folder.assetcatalog; path = Assets.xcassets; sourceTree = "<group>"; };
		76E15B922A25DDE70047DF7F /* Preview Assets.xcassets */ = {isa = PBXFileReference; lastKnownFileType = folder.assetcatalog; path = "Preview Assets.xcassets"; sourceTree = "<group>"; };
		76E15B9A2A25E1C10047DF7F /* Post.swift */ = {isa = PBXFileReference; lastKnownFileType = sourcecode.swift; path = Post.swift; sourceTree = "<group>"; };
		76E15B9C2A25EF5F0047DF7F /* Posts.swift */ = {isa = PBXFileReference; lastKnownFileType = sourcecode.swift; path = Posts.swift; sourceTree = "<group>"; };
		76E15B9E2A25F0160047DF7F /* InfoView.swift */ = {isa = PBXFileReference; lastKnownFileType = sourcecode.swift; path = InfoView.swift; sourceTree = "<group>"; };
		76E15BA02A25F15C0047DF7F /* InfoRow.swift */ = {isa = PBXFileReference; lastKnownFileType = sourcecode.swift; path = InfoRow.swift; sourceTree = "<group>"; };
		76E15BA22A25F84D0047DF7F /* InfoDetails.swift */ = {isa = PBXFileReference; lastKnownFileType = sourcecode.swift; path = InfoDetails.swift; sourceTree = "<group>"; };
/* End PBXFileReference section */

/* Begin PBXFrameworksBuildPhase section */
		76E15B852A25DDE50047DF7F /* Frameworks */ = {
			isa = PBXFrameworksBuildPhase;
			buildActionMask = 2147483647;
			files = (
			);
			runOnlyForDeploymentPostprocessing = 0;
		};
/* End PBXFrameworksBuildPhase section */

/* Begin PBXGroup section */
		76E15B7F2A25DDE50047DF7F = {
			isa = PBXGroup;
			children = (
				76E15B8A2A25DDE50047DF7F /* KiwiEducationAu */,
				76E15B892A25DDE50047DF7F /* Products */,
			);
			sourceTree = "<group>";
		};
		76E15B892A25DDE50047DF7F /* Products */ = {
			isa = PBXGroup;
			children = (
				76E15B882A25DDE50047DF7F /* KiwiEducationAu.app */,
			);
			name = Products;
			sourceTree = "<group>";
		};
		76E15B8A2A25DDE50047DF7F /* KiwiEducationAu */ = {
			isa = PBXGroup;
			children = (
				76E15B8B2A25DDE50047DF7F /* KiwiEducationAuApp.swift */,
				76E15B8D2A25DDE50047DF7F /* ContentView.swift */,
				76E15B9E2A25F0160047DF7F /* InfoView.swift */,
				76E15BA02A25F15C0047DF7F /* InfoRow.swift */,
				76E15BA22A25F84D0047DF7F /* InfoDetails.swift */,
				76E15B8F2A25DDE70047DF7F /* Assets.xcassets */,
				76E15B912A25DDE70047DF7F /* Preview Content */,
				76E15B992A25E1790047DF7F /* DataModel */,
			);
			path = KiwiEducationAu;
			sourceTree = "<group>";
		};
		76E15B912A25DDE70047DF7F /* Preview Content */ = {
			isa = PBXGroup;
			children = (
				76E15B922A25DDE70047DF7F /* Preview Assets.xcassets */,
			);
			path = "Preview Content";
			sourceTree = "<group>";
		};
		76E15B992A25E1790047DF7F /* DataModel */ = {
			isa = PBXGroup;
			children = (
				76E15B9A2A25E1C10047DF7F /* Post.swift */,
				76E15B9C2A25EF5F0047DF7F /* Posts.swift */,
			);
			path = DataModel;
			sourceTree = "<group>";
		};
/* End PBXGroup section */

/* Begin PBXNativeTarget section */
		76E15B872A25DDE50047DF7F /* KiwiEducationAu */ = {
			isa = PBXNativeTarget;
			buildConfigurationList = 76E15B962A25DDE70047DF7F /* Build configuration list for PBXNativeTarget "KiwiEducationAu" */;
			buildPhases = (
				76E15B842A25DDE50047DF7F /* Sources */,
				76E15B852A25DDE50047DF7F /* Frameworks */,
				76E15B862A25DDE50047DF7F /* Resources */,
			);
			buildRules = (
			);
			dependencies = (
			);
			name = KiwiEducationAu;
			productName = KiwiEducationAu;
			productReference = 76E15B882A25DDE50047DF7F /* KiwiEducationAu.app */;
			productType = "com.apple.product-type.application";
		};
/* End PBXNativeTarget section */

/* Begin PBXProject section */
		76E15B802A25DDE50047DF7F /* Project object */ = {
			isa = PBXProject;
			attributes = {
				BuildIndependentTargetsInParallel = 1;
				LastSwiftUpdateCheck = 1430;
				LastUpgradeCheck = 1430;
				TargetAttributes = {
					76E15B872A25DDE50047DF7F = {
						CreatedOnToolsVersion = 14.3;
					};
				};
			};
			buildConfigurationList = 76E15B832A25DDE50047DF7F /* Build configuration list for PBXProject "KiwiEducationAu" */;
			compatibilityVersion = "Xcode 14.0";
			developmentRegion = en;
			hasScannedForEncodings = 0;
			knownRegions = (
				en,
				Base,
			);
			mainGroup = 76E15B7F2A25DDE50047DF7F;
			productRefGroup = 76E15B892A25DDE50047DF7F /* Products */;
			projectDirPath = "";
			projectRoot = "";
			targets = (
				76E15B872A25DDE50047DF7F /* KiwiEducationAu */,
			);
		};
/* End PBXProject section */

/* Begin PBXResourcesBuildPhase section */
		76E15B862A25DDE50047DF7F /* Resources */ = {
			isa = PBXResourcesBuildPhase;
			buildActionMask = 2147483647;
			files = (
				76E15B932A25DDE70047DF7F /* Preview Assets.xcassets in Resources */,
				76E15B902A25DDE70047DF7F /* Assets.xcassets in Resources */,
			);
			runOnlyForDeploymentPostprocessing = 0;
		};
/* End PBXResourcesBuildPhase section */

/* Begin PBXSourcesBuildPhase section */
		76E15B842A25DDE50047DF7F /* Sources */ = {
			isa = PBXSourcesBuildPhase;
			buildActionMask = 2147483647;
			files = (
				76E15B9B2A25E1C10047DF7F /* Post.swift in Sources */,
				76E15B8E2A25DDE50047DF7F /* ContentView.swift in Sources */,
				76E15BA12A25F15C0047DF7F /* InfoRow.swift in Sources */,
				76E15B8C2A25DDE50047DF7F /* KiwiEducationAuApp.swift in Sources */,
				76E15B9F2A25F0160047DF7F /* InfoView.swift in Sources */,
				76E15BA32A25F84D0047DF7F /* InfoDetails.swift in Sources */,
				76E15B9D2A25EF5F0047DF7F /* Posts.swift in Sources */,
			);
			runOnlyForDeploymentPostprocessing = 0;
		};
/* End PBXSourcesBuildPhase section */

/* Begin XCBuildConfiguration section */
		76E15B942A25DDE70047DF7F /* Debug */ = {
			isa = XCBuildConfiguration;
			buildSettings = {
				ALWAYS_SEARCH_USER_PATHS = NO;
				CLANG_ANALYZER_NONNULL = YES;
				CLANG_ANALYZER_NUMBER_OBJECT_CONVERSION = YES_AGGRESSIVE;
				CLANG_CXX_LANGUAGE_STANDARD = "gnu++20";
				CLANG_ENABLE_MODULES = YES;
				CLANG_ENABLE_OBJC_ARC = YES;
				CLANG_ENABLE_OBJC_WEAK = YES;
				CLANG_WARN_BLOCK_CAPTURE_AUTORELEASING = YES;
				CLANG_WARN_BOOL_CONVERSION = YES;
				CLANG_WARN_COMMA = YES;
				CLANG_WARN_CONSTANT_CONVERSION = YES;
				CLANG_WARN_DEPRECATED_OBJC_IMPLEMENTATIONS = YES;
				CLANG_WARN_DIRECT_OBJC_ISA_USAGE = YES_ERROR;
				CLANG_WARN_DOCUMENTATION_COMMENTS = YES;
				CLANG_WARN_EMPTY_BODY = YES;
				CLANG_WARN_ENUM_CONVERSION = YES;
				CLANG_WARN_INFINITE_RECURSION = YES;
				CLANG_WARN_INT_CONVERSION = YES;
				CLANG_WARN_NON_LITERAL_NULL_CONVERSION = YES;
				CLANG_WARN_OBJC_IMPLICIT_RETAIN_SELF = YES;
				CLANG_WARN_OBJC_LITERAL_CONVERSION = YES;
				CLANG_WARN_OBJC_ROOT_CLASS = YES_ERROR;
				CLANG_WARN_QUOTED_INCLUDE_IN_FRAMEWORK_HEADER = YES;
				CLANG_WARN_RANGE_LOOP_ANALYSIS = YES;
				CLANG_WARN_STRICT_PROTOTYPES = YES;
				CLANG_WARN_SUSPICIOUS_MOVE = YES;
				CLANG_WARN_UNGUARDED_AVAILABILITY = YES_AGGRESSIVE;
				CLANG_WARN_UNREACHABLE_CODE = YES;
				CLANG_WARN__DUPLICATE_METHOD_MATCH = YES;
				COPY_PHASE_STRIP = NO;
				DEBUG_INFORMATION_FORMAT = dwarf;
				ENABLE_STRICT_OBJC_MSGSEND = YES;
				ENABLE_TESTABILITY = YES;
				GCC_C_LANGUAGE_STANDARD = gnu11;
				GCC_DYNAMIC_NO_PIC = NO;
				GCC_NO_COMMON_BLOCKS = YES;
				GCC_OPTIMIZATION_LEVEL = 0;
				GCC_PREPROCESSOR_DEFINITIONS = (
					"DEBUG=1",
					"$(inherited)",
				);
				GCC_WARN_64_TO_32_BIT_CONVERSION = YES;
				GCC_WARN_ABOUT_RETURN_TYPE = YES_ERROR;
				GCC_WARN_UNDECLARED_SELECTOR = YES;
				GCC_WARN_UNINITIALIZED_AUTOS = YES_AGGRESSIVE;
				GCC_WARN_UNUSED_FUNCTION = YES;
				GCC_WARN_UNUSED_VARIABLE = YES;
				IPHONEOS_DEPLOYMENT_TARGET = 16.4;
				MTL_ENABLE_DEBUG_INFO = INCLUDE_SOURCE;
				MTL_FAST_MATH = YES;
				ONLY_ACTIVE_ARCH = YES;
				SDKROOT = iphoneos;
				SWIFT_ACTIVE_COMPILATION_CONDITIONS = DEBUG;
				SWIFT_OPTIMIZATION_LEVEL = "-Onone";
			};
			name = Debug;
		};
		76E15B952A25DDE70047DF7F /* Release */ = {
			isa = XCBuildConfiguration;
			buildSettings = {
				ALWAYS_SEARCH_USER_PATHS = NO;
				CLANG_ANALYZER_NONNULL = YES;
				CLANG_ANALYZER_NUMBER_OBJECT_CONVERSION = YES_AGGRESSIVE;
				CLANG_CXX_LANGUAGE_STANDARD = "gnu++20";
				CLANG_ENABLE_MODULES = YES;
				CLANG_ENABLE_OBJC_ARC = YES;
				CLANG_ENABLE_OBJC_WEAK = YES;
				CLANG_WARN_BLOCK_CAPTURE_AUTORELEASING = YES;
				CLANG_WARN_BOOL_CONVERSION = YES;
				CLANG_WARN_COMMA = YES;
				CLANG_WARN_CONSTANT_CONVERSION = YES;
				CLANG_WARN_DEPRECATED_OBJC_IMPLEMENTATIONS = YES;
				CLANG_WARN_DIRECT_OBJC_ISA_USAGE = YES_ERROR;
				CLANG_WARN_DOCUMENTATION_COMMENTS = YES;
				CLANG_WARN_EMPTY_BODY = YES;
				CLANG_WARN_ENUM_CONVERSION = YES;
				CLANG_WARN_INFINITE_RECURSION = YES;
				CLANG_WARN_INT_CONVERSION = YES;
				CLANG_WARN_NON_LITERAL_NULL_CONVERSION = YES;
				CLANG_WARN_OBJC_IMPLICIT_RETAIN_SELF = YES;
				CLANG_WARN_OBJC_LITERAL_CONVERSION = YES;
				CLANG_WARN_OBJC_ROOT_CLASS = YES_ERROR;
				CLANG_WARN_QUOTED_INCLUDE_IN_FRAMEWORK_HEADER = YES;
				CLANG_WARN_RANGE_LOOP_ANALYSIS = YES;
				CLANG_WARN_STRICT_PROTOTYPES = YES;
				CLANG_WARN_SUSPICIOUS_MOVE = YES;
				CLANG_WARN_UNGUARDED_AVAILABILITY = YES_AGGRESSIVE;
				CLANG_WARN_UNREACHABLE_CODE = YES;
				CLANG_WARN__DUPLICATE_METHOD_MATCH = YES;
				COPY_PHASE_STRIP = NO;
				DEBUG_INFORMATION_FORMAT = "dwarf-with-dsym";
				ENABLE_NS_ASSERTIONS = NO;
				ENABLE_STRICT_OBJC_MSGSEND = YES;
				GCC_C_LANGUAGE_STANDARD = gnu11;
				GCC_NO_COMMON_BLOCKS = YES;
				GCC_WARN_64_TO_32_BIT_CONVERSION = YES;
				GCC_WARN_ABOUT_RETURN_TYPE = YES_ERROR;
				GCC_WARN_UNDECLARED_SELECTOR = YES;
				GCC_WARN_UNINITIALIZED_AUTOS = YES_AGGRESSIVE;
				GCC_WARN_UNUSED_FUNCTION = YES;
				GCC_WARN_UNUSED_VARIABLE = YES;
				IPHONEOS_DEPLOYMENT_TARGET = 16.4;
				MTL_ENABLE_DEBUG_INFO = NO;
				MTL_FAST_MATH = YES;
				SDKROOT = iphoneos;
				SWIFT_COMPILATION_MODE = wholemodule;
				SWIFT_OPTIMIZATION_LEVEL = "-O";
				VALIDATE_PRODUCT = YES;
			};
			name = Release;
		};
		76E15B972A25DDE70047DF7F /* Debug */ = {
			isa = XCBuildConfiguration;
			buildSettings = {
				ASSETCATALOG_COMPILER_APPICON_NAME = AppIcon;
				ASSETCATALOG_COMPILER_GLOBAL_ACCENT_COLOR_NAME = AccentColor;
				CODE_SIGN_STYLE = Automatic;
				CURRENT_PROJECT_VERSION = 1;
				DEVELOPMENT_ASSET_PATHS = "\"KiwiEducationAu/Preview Content\"";
				DEVELOPMENT_TEAM = 8CV32V4H64;
				ENABLE_PREVIEWS = YES;
				GENERATE_INFOPLIST_FILE = YES;
				INFOPLIST_KEY_UIApplicationSceneManifest_Generation = YES;
				INFOPLIST_KEY_UIApplicationSupportsIndirectInputEvents = YES;
				INFOPLIST_KEY_UILaunchScreen_Generation = YES;
				INFOPLIST_KEY_UISupportedInterfaceOrientations_iPad = "UIInterfaceOrientationPortrait UIInterfaceOrientationPortraitUpsideDown UIInterfaceOrientationLandscapeLeft UIInterfaceOrientationLandscapeRight";
				INFOPLIST_KEY_UISupportedInterfaceOrientations_iPhone = "UIInterfaceOrientationPortrait UIInterfaceOrientationLandscapeLeft UIInterfaceOrientationLandscapeRight";
				LD_RUNPATH_SEARCH_PATHS = (
					"$(inherited)",
					"@executable_path/Frameworks",
				);
				MARKETING_VERSION = 1.0;
				PRODUCT_BUNDLE_IDENTIFIER = "-.KiwiEducationAu";
				PRODUCT_NAME = "$(TARGET_NAME)";
				SWIFT_EMIT_LOC_STRINGS = YES;
				SWIFT_VERSION = 5.0;
				TARGETED_DEVICE_FAMILY = "1,2";
			};
			name = Debug;
		};
		76E15B982A25DDE70047DF7F /* Release */ = {
			isa = XCBuildConfiguration;
			buildSettings = {
				ASSETCATALOG_COMPILER_APPICON_NAME = AppIcon;
				ASSETCATALOG_COMPILER_GLOBAL_ACCENT_COLOR_NAME = AccentColor;
				CODE_SIGN_STYLE = Automatic;
				CURRENT_PROJECT_VERSION = 1;
				DEVELOPMENT_ASSET_PATHS = "\"KiwiEducationAu/Preview Content\"";
				DEVELOPMENT_TEAM = 8CV32V4H64;
				ENABLE_PREVIEWS = YES;
				GENERATE_INFOPLIST_FILE = YES;
				INFOPLIST_KEY_UIApplicationSceneManifest_Generation = YES;
				INFOPLIST_KEY_UIApplicationSupportsIndirectInputEvents = YES;
				INFOPLIST_KEY_UILaunchScreen_Generation = YES;
				INFOPLIST_KEY_UISupportedInterfaceOrientations_iPad = "UIInterfaceOrientationPortrait UIInterfaceOrientationPortraitUpsideDown UIInterfaceOrientationLandscapeLeft UIInterfaceOrientationLandscapeRight";
				INFOPLIST_KEY_UISupportedInterfaceOrientations_iPhone = "UIInterfaceOrientationPortrait UIInterfaceOrientationLandscapeLeft UIInterfaceOrientationLandscapeRight";
				LD_RUNPATH_SEARCH_PATHS = (
					"$(inherited)",
					"@executable_path/Frameworks",
				);
				MARKETING_VERSION = 1.0;
				PRODUCT_BUNDLE_IDENTIFIER = "-.KiwiEducationAu";
				PRODUCT_NAME = "$(TARGET_NAME)";
				SWIFT_EMIT_LOC_STRINGS = YES;
				SWIFT_VERSION = 5.0;
				TARGETED_DEVICE_FAMILY = "1,2";
			};
			name = Release;
		};
/* End XCBuildConfiguration section */

/* Begin XCConfigurationList section */
		76E15B832A25DDE50047DF7F /* Build configuration list for PBXProject "KiwiEducationAu" */ = {
			isa = XCConfigurationList;
			buildConfigurations = (
				76E15B942A25DDE70047DF7F /* Debug */,
				76E15B952A25DDE70047DF7F /* Release */,
			);
			defaultConfigurationIsVisible = 0;
			defaultConfigurationName = Release;
		};
		76E15B962A25DDE70047DF7F /* Build configuration list for PBXNativeTarget "KiwiEducationAu" */ = {
			isa = XCConfigurationList;
			buildConfigurations = (
				76E15B972A25DDE70047DF7F /* Debug */,
				76E15B982A25DDE70047DF7F /* Release */,
			);
			defaultConfigurationIsVisible = 0;
			defaultConfigurationName = Release;
		};
/* End XCConfigurationList section */
	};
	rootObject = 76E15B802A25DDE50047DF7F /* Project object */;
}
